// !$*UTF8*$!
{
	archiveVersion = 1;
	classes = {
	};
	objectVersion = 77;
	objects = {

/* Begin PBXBuildFile section */
		CC0A0C313052EB350039795D /* RevenueCat in Frameworks */ = {isa = PBXBuildFile; productRef = CC0A0C303052EB350039795D /* RevenueCat */; };
/* End PBXBuildFile section */

/* Begin PBXContainerItemProxy section */
		CCA8CC31301DDA3C00C83316 /* PBXContainerItemProxy */ = {
			isa = PBXContainerItemProxy;
			containerPortal = CCA8CC19301DDA3B00C83316 /* Project object */;
			proxyType = 1;
			remoteGlobalIDString = CCA8CC20301DDA3B00C83316;
			remoteInfo = SimplyJobTracker;
		};
		CCA8CC3B301DDA3C00C83316 /* PBXContainerItemProxy */ = {
			isa = PBXContainerItemProxy;
			containerPortal = CCA8CC19301DDA3B00C83316 /* Project object */;
			proxyType = 1;
			remoteGlobalIDString = CCA8CC20301DDA3B00C83316;
			remoteInfo = SimplyJobTracker;
		};
/* End PBXContainerItemProxy section */

/* Begin PBXFileReference section */
		CCA8CC21301DDA3B00C83316 /* SimplyJobTracker.app */ = {isa = PBXFileReference; explicitFileType = wrapper.application; includeInIndex = 0; path = SimplyJobTracker.app; sourceTree = BUILT_PRODUCTS_DIR; };
		CCA8CC30301DDA3C00C83316 /* SimplyJobTrackerTests.xctest */ = {isa = PBXFileReference; explicitFileType = wrapper.cfbundle; includeInIndex = 0; path = SimplyJobTrackerTests.xctest; sourceTree = BUILT_PRODUCTS_DIR; };
		CCA8CC3A301DDA3C00C83316 /* SimplyJobTrackerUITests.xctest */ = {isa = PBXFileReference; explicitFileType = wrapper.cfbundle; includeInIndex = 0; path = SimplyJobTrackerUITests.xctest; sourceTree = BUILT_PRODUCTS_DIR; };
/* End PBXFileReference section */

/* Begin PBXFileSystemSynchronizedBuildFileExceptionSet section */
		CC0A107430532AF80039795D /* Exceptions for "SimplyJobTracker" folder in "SimplyJobTracker" target */ = {
			isa = PBXFileSystemSynchronizedBuildFileExceptionSet;
			membershipExceptions = (
				Common/Resources/Config.xcconfig,
				Info.plist,
			);
			target = CCA8CC20301DDA3B00C83316 /* SimplyJobTracker */;
		};
/* End PBXFileSystemSynchronizedBuildFileExceptionSet section */

/* Begin PBXFileSystemSynchronizedRootGroup section */
		CCA8CC23301DDA3B00C83316 /* SimplyJobTracker */ = {
			isa = PBXFileSystemSynchronizedRootGroup;
			exceptions = (
				CC0A107430532AF80039795D /* Exceptions for "SimplyJobTracker" folder in "SimplyJobTracker" target */,
			);
			path = SimplyJobTracker;
			sourceTree = "<group>";
		};
		CCA8CC33301DDA3C00C83316 /* SimplyJobTrackerTests */ = {
			isa = PBXFileSystemSynchronizedRootGroup;
			path = SimplyJobTrackerTests;
			sourceTree = "<group>";
		};
		CCA8CC3D301DDA3C00C83316 /* SimplyJobTrackerUITests */ = {
			isa = PBXFileSystemSynchronizedRootGroup;
			path = SimplyJobTrackerUITests;
			sourceTree = "<group>";
		};
/* End PBXFileSystemSynchronizedRootGroup section */

/* Begin PBXFrameworksBuildPhase section */
		CCA8CC1E301DDA3B00C83316 /* Frameworks */ = {
			isa = PBXFrameworksBuildPhase;
			buildActionMask = 2147483647;
			files = (
				CC0A0C313052EB350039795D /* RevenueCat in Frameworks */,
			);
			runOnlyForDeploymentPostprocessing = 0;
		};
		CCA8CC2D301DDA3C00C83316 /* Frameworks */ = {
			isa = PBXFrameworksBuildPhase;
			buildActionMask = 2147483647;
			files = (
			);
			runOnlyForDeploymentPostprocessing = 0;
		};
		CCA8CC37301DDA3C00C83316 /* Frameworks */ = {
			isa = PBXFrameworksBuildPhase;
			buildActionMask = 2147483647;
			files = (
			);
			runOnlyForDeploymentPostprocessing = 0;
		};
/* End PBXFrameworksBuildPhase section */

/* Begin PBXGroup section */
		CCA8CC18301DDA3B00C83316 = {
			isa = PBXGroup;
			children = (
				CCA8CC23301DDA3B00C83316 /* SimplyJobTracker */,
				CCA8CC33301DDA3C00C83316 /* SimplyJobTrackerTests */,
				CCA8CC3D301DDA3C00C83316 /* SimplyJobTrackerUITests */,
				CCA8CC22301DDA3B00C83316 /* Products */,
			);
			sourceTree = "<group>";
		};
		CCA8CC22301DDA3B00C83316 /* Products */ = {
			isa = PBXGroup;
			children = (
				CCA8CC21301DDA3B00C83316 /* SimplyJobTracker.app */,
				CCA8CC30301DDA3C00C83316 /* SimplyJobTrackerTests.xctest */,
				CCA8CC3A301DDA3C00C83316 /* SimplyJobTrackerUITests.xctest */,
			);
			name = Products;
			sourceTree = "<group>";
		};
/* End PBXGroup section */

/* Begin PBXNativeTarget section */
		CCA8CC20301DDA3B00C83316 /* SimplyJobTracker */ = {
			isa = PBXNativeTarget;
			buildConfigurationList = CCA8CC44301DDA3C00C83316 /* Build configuration list for PBXNativeTarget "SimplyJobTracker" */;
			buildPhases = (
				CCA8CC1D301DDA3B00C83316 /* Sources */,
				CCA8CC1E301DDA3B00C83316 /* Frameworks */,
				CCA8CC1F301DDA3B00C83316 /* Resources */,
			);
			buildRules = (
			);
			dependencies = (
			);
			fileSystemSynchronizedGroups = (
				CCA8CC23301DDA3B00C83316 /* SimplyJobTracker */,
			);
			name = SimplyJobTracker;
			packageProductDependencies = (
				CC0A0C303052EB350039795D /* RevenueCat */,
			);
			productName = SimplyJobTracker;
			productReference = CCA8CC21301DDA3B00C83316 /* SimplyJobTracker.app */;
			productType = "com.apple.product-type.application";
		};
		CCA8CC2F301DDA3C00C83316 /* SimplyJobTrackerTests */ = {
			isa = PBXNativeTarget;
			buildConfigurationList = CCA8CC47301DDA3C00C83316 /* Build configuration list for PBXNativeTarget "SimplyJobTrackerTests" */;
			buildPhases = (
				CCA8CC2C301DDA3C00C83316 /* Sources */,
				CCA8CC2D301DDA3C00C83316 /* Frameworks */,
				CCA8CC2E301DDA3C00C83316 /* Resources */,
			);
			buildRules = (
			);
			dependencies = (
				CCA8CC32301DDA3C00C83316 /* PBXTargetDependency */,
			);
			fileSystemSynchronizedGroups = (
				CCA8CC33301DDA3C00C83316 /* SimplyJobTrackerTests */,
			);
			name = SimplyJobTrackerTests;
			packageProductDependencies = (
			);
			productName = SimplyJobTrackerTests;
			productReference = CCA8CC30301DDA3C00C83316 /* SimplyJobTrackerTests.xctest */;
			productType = "com.apple.product-type.bundle.unit-test";
		};
		CCA8CC39301DDA3C00C83316 /* SimplyJobTrackerUITests */ = {
			isa = PBXNativeTarget;
			buildConfigurationList = CCA8CC4A301DDA3C00C83316 /* Build configuration list for PBXNativeTarget "SimplyJobTrackerUITests" */;
			buildPhases = (
				CCA8CC36301DDA3C00C83316 /* Sources */,
				CCA8CC37301DDA3C00C83316 /* Frameworks */,
				CCA8CC38301DDA3C00C83316 /* Resources */,
			);
			buildRules = (
			);
			dependencies = (
				CCA8CC3C301DDA3C00C83316 /* PBXTargetDependency */,
			);
			fileSystemSynchronizedGroups = (
				CCA8CC3D301DDA3C00C83316 /* SimplyJobTrackerUITests */,
			);
			name = SimplyJobTrackerUITests;
			packageProductDependencies = (
			);
			productName = SimplyJobTrackerUITests;
			productReference = CCA8CC3A301DDA3C00C83316 /* SimplyJobTrackerUITests.xctest */;
			productType = "com.apple.product-type.bundle.ui-testing";
		};
/* End PBXNativeTarget section */

/* Begin PBXProject section */
		CCA8CC19301DDA3B00C83316 /* Project object */ = {
			isa = PBXProject;
			attributes = {
				BuildIndependentTargetsInParallel = 1;
				LastSwiftUpdateCheck = 2660;
				LastUpgradeCheck = 2660;
				TargetAttributes = {
					CCA8CC20301DDA3B00C83316 = {
						CreatedOnToolsVersion = 26.6;
					};
					CCA8CC2F301DDA3C00C83316 = {
						CreatedOnToolsVersion = 26.6;
						TestTargetID = CCA8CC20301DDA3B00C83316;
					};
					CCA8CC39301DDA3C00C83316 = {
						CreatedOnToolsVersion = 26.6;
						TestTargetID = CCA8CC20301DDA3B00C83316;
					};
				};
			};
			buildConfigurationList = CCA8CC1C301DDA3B00C83316 /* Build configuration list for PBXProject "SimplyJobTracker" */;
			developmentRegion = en;
			hasScannedForEncodings = 0;
			knownRegions = (
				en,
				Base,
			);
			mainGroup = CCA8CC18301DDA3B00C83316;
			minimizedProjectReferenceProxies = 1;
			packageReferences = (
				CC0A0C2F3052EB350039795D /* XCRemoteSwiftPackageReference "purchases-ios-spm" */,
			);
			preferredProjectObjectVersion = 77;
			productRefGroup = CCA8CC22301DDA3B00C83316 /* Products */;
			projectDirPath = "";
			projectRoot = "";
			targets = (
				CCA8CC20301DDA3B00C83316 /* SimplyJobTracker */,
				CCA8CC2F301DDA3C00C83316 /* SimplyJobTrackerTests */,
				CCA8CC39301DDA3C00C83316 /* SimplyJobTrackerUITests */,
			);
		};
/* End PBXProject section */

/* Begin PBXResourcesBuildPhase section */
		CCA8CC1F301DDA3B00C83316 /* Resources */ = {
			isa = PBXResourcesBuildPhase;
			buildActionMask = 2147483647;
			files = (
			);
			runOnlyForDeploymentPostprocessing = 0;
		};
		CCA8CC2E301DDA3C00C83316 /* Resources */ = {
			isa = PBXResourcesBuildPhase;
			buildActionMask = 2147483647;
			files = (
			);
			runOnlyForDeploymentPostprocessing = 0;
		};
		CCA8CC38301DDA3C00C83316 /* Resources */ = {
			isa = PBXResourcesBuildPhase;
			buildActionMask = 2147483647;
			files = (
			);
			runOnlyForDeploymentPostprocessing = 0;
		};
/* End PBXResourcesBuildPhase section */

/* Begin PBXSourcesBuildPhase section */
		CCA8CC1D301DDA3B00C83316 /* Sources */ = {
			isa = PBXSourcesBuildPhase;
			buildActionMask = 2147483647;
			files = (
			);
			runOnlyForDeploymentPostprocessing = 0;
		};
		CCA8CC2C301DDA3C00C83316 /* Sources */ = {
			isa = PBXSourcesBuildPhase;
			buildActionMask = 2147483647;
			files = (
			);
			runOnlyForDeploymentPostprocessing = 0;
		};
		CCA8CC36301DDA3C00C83316 /* Sources */ = {
			isa = PBXSourcesBuildPhase;
			buildActionMask = 2147483647;
			files = (
			);
			runOnlyForDeploymentPostprocessing = 0;
		};
/* End PBXSourcesBuildPhase section */

/* Begin PBXTargetDependency section */
		CCA8CC32301DDA3C00C83316 /* PBXTargetDependency */ = {
			isa = PBXTargetDependency;
			target = CCA8CC20301DDA3B00C83316 /* SimplyJobTracker */;
			targetProxy = CCA8CC31301DDA3C00C83316 /* PBXContainerItemProxy */;
		};
		CCA8CC3C301DDA3C00C83316 /* PBXTargetDependency */ = {
			isa = PBXTargetDependency;
			target = CCA8CC20301DDA3B00C83316 /* SimplyJobTracker */;
			targetProxy = CCA8CC3B301DDA3C00C83316 /* PBXContainerItemProxy */;
		};
/* End PBXTargetDependency section */

/* Begin XCBuildConfiguration section */
		CCA8CC42301DDA3C00C83316 /* Debug */ = {
			isa = XCBuildConfiguration;
			baseConfigurationReferenceAnchor = CCA8CC23301DDA3B00C83316 /* SimplyJobTracker */;
			baseConfigurationReferenceRelativePath = Common/Resources/Config.xcconfig;
			buildSettings = {
				ALWAYS_SEARCH_USER_PATHS = NO;
				ASSETCATALOG_COMPILER_GENERATE_SWIFT_ASSET_SYMBOL_EXTENSIONS = YES;
				CLANG_ANALYZER_NONNULL = YES;
				CLANG_ANALYZER_NUMBER_OBJECT_CONVERSION = YES_AGGRESSIVE;
				CLANG_CXX_LANGUAGE_STANDARD = "gnu++20";
				CLANG_ENABLE_MODULES = YES;
				CLANG_ENABLE_OBJC_ARC = YES;
				CLANG_ENABLE_OBJC_WEAK = YES;
				CLANG_WARN_BLOCK_CAPTURE_AUTORELEASING = YES;
				CLANG_WARN_BOOL_CONVERSION = YES;
				CLANG_WARN_COMMA = YES;
				CLANG_WARN_CONSTANT_CONVERSION = YES;
				CLANG_WARN_DEPRECATED_OBJC_IMPLEMENTATIONS = YES;
				CLANG_WARN_DIRECT_OBJC_ISA_USAGE = YES_ERROR;
				CLANG_WARN_DOCUMENTATION_COMMENTS = YES;
				CLANG_WARN_EMPTY_BODY = YES;
				CLANG_WARN_ENUM_CONVERSION = YES;
				CLANG_WARN_INFINITE_RECURSION = YES;
				CLANG_WARN_INT_CONVERSION = YES;
				CLANG_WARN_NON_LITERAL_NULL_CONVERSION = YES;
				CLANG_WARN_OBJC_IMPLICIT_RETAIN_SELF = YES;
				CLANG_WARN_OBJC_LITERAL_CONVERSION = YES;
				CLANG_WARN_OBJC_ROOT_CLASS = YES_ERROR;
				CLANG_WARN_QUOTED_INCLUDE_IN_FRAMEWORK_HEADER = YES;
				CLANG_WARN_RANGE_LOOP_ANALYSIS = YES;
				CLANG_WARN_STRICT_PROTOTYPES = YES;
				CLANG_WARN_SUSPICIOUS_MOVE = YES;
				CLANG_WARN_UNGUARDED_AVAILABILITY = YES_AGGRESSIVE;
				CLANG_WARN_UNREACHABLE_CODE = YES;
				CLANG_WARN__DUPLICATE_METHOD_MATCH = YES;
				COPY_PHASE_STRIP = NO;
				DEBUG_INFORMATION_FORMAT = dwarf;
				DEVELOPMENT_TEAM = SWY2GKPU2G;
				ENABLE_STRICT_OBJC_MSGSEND = YES;
				ENABLE_TESTABILITY = YES;
				ENABLE_USER_SCRIPT_SANDBOXING = YES;
				GCC_C_LANGUAGE_STANDARD = gnu17;
				GCC_DYNAMIC_NO_PIC = NO;
				GCC_NO_COMMON_BLOCKS = YES;
				GCC_OPTIMIZATION_LEVEL = 0;
				GCC_PREPROCESSOR_DEFINITIONS = (
					"DEBUG=1",
					"$(inherited)",
				);
				GCC_WARN_64_TO_32_BIT_CONVERSION = YES;
				GCC_WARN_ABOUT_RETURN_TYPE = YES_ERROR;
				GCC_WARN_UNDECLARED_SELECTOR = YES;
				GCC_WARN_UNINITIALIZED_AUTOS = YES_AGGRESSIVE;
				GCC_WARN_UNUSED_FUNCTION = YES;
				GCC_WARN_UNUSED_VARIABLE = YES;
				IPHONEOS_DEPLOYMENT_TARGET = 26.5;
				LOCALIZATION_PREFERS_STRING_CATALOGS = YES;
				MTL_ENABLE_DEBUG_INFO = INCLUDE_SOURCE;
				MTL_FAST_MATH = YES;
				ONLY_ACTIVE_ARCH = YES;
				SDKROOT = iphoneos;
				STRING_CATALOG_GENERATE_SYMBOLS = YES;
				SWIFT_ACTIVE_COMPILATION_CONDITIONS = "DEBUG $(inherited)";
				SWIFT_OPTIMIZATION_LEVEL = "-Onone";
			};
			name = Debug;
		};
		CCA8CC43301DDA3C00C83316 /* Release */ = {
			isa = XCBuildConfiguration;
			baseConfigurationReferenceAnchor = CCA8CC23301DDA3B00C83316 /* SimplyJobTracker */;
			baseConfigurationReferenceRelativePath = Common/Resources/Config.xcconfig;
			buildSettings = {
				ALWAYS_SEARCH_USER_PATHS = NO;
				ASSETCATALOG_COMPILER_GENERATE_SWIFT_ASSET_SYMBOL_EXTENSIONS = YES;
				CLANG_ANALYZER_NONNULL = YES;
				CLANG_ANALYZER_NUMBER_OBJECT_CONVERSION = YES_AGGRESSIVE;
				CLANG_CXX_LANGUAGE_STANDARD = "gnu++20";
				CLANG_ENABLE_MODULES = YES;
				CLANG_ENABLE_OBJC_ARC = YES;
				CLANG_ENABLE_OBJC_WEAK = YES;
				CLANG_WARN_BLOCK_CAPTURE_AUTORELEASING = YES;
				CLANG_WARN_BOOL_CONVERSION = YES;
				CLANG_WARN_COMMA = YES;
				CLANG_WARN_CONSTANT_CONVERSION = YES;
				CLANG_WARN_DEPRECATED_OBJC_IMPLEMENTATIONS = YES;
				CLANG_WARN_DIRECT_OBJC_ISA_USAGE = YES_ERROR;
				CLANG_WARN_DOCUMENTATION_COMMENTS = YES;
				CLANG_WARN_EMPTY_BODY = YES;
				CLANG_WARN_ENUM_CONVERSION = YES;
				CLANG_WARN_INFINITE_RECURSION = YES;
				CLANG_WARN_INT_CONVERSION = YES;
				CLANG_WARN_NON_LITERAL_NULL_CONVERSION = YES;
				CLANG_WARN_OBJC_IMPLICIT_RETAIN_SELF = YES;
				CLANG_WARN_OBJC_LITERAL_CONVERSION = YES;
				CLANG_WARN_OBJC_ROOT_CLASS = YES_ERROR;
				CLANG_WARN_QUOTED_INCLUDE_IN_FRAMEWORK_HEADER = YES;
				CLANG_WARN_RANGE_LOOP_ANALYSIS = YES;
				CLANG_WARN_STRICT_PROTOTYPES = YES;
				CLANG_WARN_SUSPICIOUS_MOVE = YES;
				CLANG_WARN_UNGUARDED_AVAILABILITY = YES_AGGRESSIVE;
				CLANG_WARN_UNREACHABLE_CODE = YES;
				CLANG_WARN__DUPLICATE_METHOD_MATCH = YES;
				COPY_PHASE_STRIP = NO;
				DEBUG_INFORMATION_FORMAT = "dwarf-with-dsym";
				DEVELOPMENT_TEAM = SWY2GKPU2G;
				ENABLE_NS_ASSERTIONS = NO;
				ENABLE_STRICT_OBJC_MSGSEND = YES;
				ENABLE_USER_SCRIPT_SANDBOXING = YES;
				GCC_C_LANGUAGE_STANDARD = gnu17;
				GCC_NO_COMMON_BLOCKS = YES;
				GCC_WARN_64_TO_32_BIT_CONVERSION = YES;
				GCC_WARN_ABOUT_RETURN_TYPE = YES_ERROR;
				GCC_WARN_UNDECLARED_SELECTOR = YES;
				GCC_WARN_UNINITIALIZED_AUTOS = YES_AGGRESSIVE;
				GCC_WARN_UNUSED_FUNCTION = YES;
				GCC_WARN_UNUSED_VARIABLE = YES;
				IPHONEOS_DEPLOYMENT_TARGET = 26.5;
				LOCALIZATION_PREFERS_STRING_CATALOGS = YES;
				MTL_ENABLE_DEBUG_INFO = NO;
				MTL_FAST_MATH = YES;
				SDKROOT = iphoneos;
				STRING_CATALOG_GENERATE_SYMBOLS = YES;
				SWIFT_COMPILATION_MODE = wholemodule;
				VALIDATE_PRODUCT = YES;
			};
			name = Release;
		};
		CCA8CC45301DDA3C00C83316 /* Debug */ = {
			isa = XCBuildConfiguration;
			buildSettings = {
				ASSETCATALOG_COMPILER_APPICON_NAME = AppIcon;
				ASSETCATALOG_COMPILER_GLOBAL_ACCENT_COLOR_NAME = AccentColor;
				CODE_SIGN_STYLE = Automatic;
				CURRENT_PROJECT_VERSION = 1;
				DEVELOPMENT_TEAM = SWY2GKPU2G;
				ENABLE_PREVIEWS = YES;
				GENERATE_INFOPLIST_FILE = YES;
				INFOPLIST_FILE = SimplyJobTracker/Info.plist;
				INFOPLIST_KEY_REVENUECAT_API_KEY = "$(REVENUECAT_API_KEY)";
				INFOPLIST_KEY_UIApplicationSceneManifest_Generation = YES;
				INFOPLIST_KEY_UIApplicationSupportsIndirectInputEvents = YES;
				INFOPLIST_KEY_UILaunchScreen_Generation = YES;
				INFOPLIST_KEY_UISupportedInterfaceOrientations = UIInterfaceOrientationPortrait;
				INFOPLIST_KEY_UISupportedInterfaceOrientations_iPad = "UIInterfaceOrientationPortrait UIInterfaceOrientationPortraitUpsideDown";
				IPHONEOS_DEPLOYMENT_TARGET = 18.6;
				LD_RUNPATH_SEARCH_PATHS = (
					"$(inherited)",
					"@executable_path/Frameworks",
				);
				MARKETING_VERSION = 1.0;
				PRODUCT_BUNDLE_IDENTIFIER = arviejhay.SimplyJobTracker;
				PRODUCT_NAME = "$(TARGET_NAME)";
				STRING_CATALOG_GENERATE_SYMBOLS = YES;
				SWIFT_APPROACHABLE_CONCURRENCY = YES;
				SWIFT_DEFAULT_ACTOR_ISOLATION = MainActor;
				SWIFT_EMIT_LOC_STRINGS = YES;
				SWIFT_UPCOMING_FEATURE_MEMBER_IMPORT_VISIBILITY = YES;
				SWIFT_VERSION = 6.0;
				TARGETED_DEVICE_FAMILY = "1,2";
			};
			name = Debug;
		};
		CCA8CC46301DDA3C00C83316 /* Release */ = {
			isa = XCBuildConfiguration;
			buildSettings = {
				ASSETCATALOG_COMPILER_APPICON_NAME = AppIcon;
				ASSETCATALOG_COMPILER_GLOBAL_ACCENT_COLOR_NAME = AccentColor;
				CODE_SIGN_STYLE = Automatic;
				CURRENT_PROJECT_VERSION = 1;
				DEVELOPMENT_TEAM = SWY2GKPU2G;
				ENABLE_PREVIEWS = YES;
				GENERATE_INFOPLIST_FILE = YES;
				INFOPLIST_FILE = SimplyJobTracker/Info.plist;
				INFOPLIST_KEY_REVENUECAT_API_KEY = "$(REVENUECAT_API_KEY)";
				INFOPLIST_KEY_UIApplicationSceneManifest_Generation = YES;
				INFOPLIST_KEY_UIApplicationSupportsIndirectInputEvents = YES;
				INFOPLIST_KEY_UILaunchScreen_Generation = YES;
				INFOPLIST_KEY_UISupportedInterfaceOrientations = UIInterfaceOrientationPortrait;
				INFOPLIST_KEY_UISupportedInterfaceOrientations_iPad = "UIInterfaceOrientationPortrait UIInterfaceOrientationPortraitUpsideDown";
				IPHONEOS_DEPLOYMENT_TARGET = 18.6;
				LD_RUNPATH_SEARCH_PATHS = (
					"$(inherited)",
					"@executable_path/Frameworks",
				);
				MARKETING_VERSION = 1.0;
				PRODUCT_BUNDLE_IDENTIFIER = arviejhay.SimplyJobTracker;
				PRODUCT_NAME = "$(TARGET_NAME)";
				STRING_CATALOG_GENERATE_SYMBOLS = YES;
				SWIFT_APPROACHABLE_CONCURRENCY = YES;
				SWIFT_DEFAULT_ACTOR_ISOLATION = MainActor;
				SWIFT_EMIT_LOC_STRINGS = YES;
				SWIFT_UPCOMING_FEATURE_MEMBER_IMPORT_VISIBILITY = YES;
				SWIFT_VERSION = 6.0;
				TARGETED_DEVICE_FAMILY = "1,2";
			};
			name = Release;
		};
		CCA8CC48301DDA3C00C83316 /* Debug */ = {
			isa = XCBuildConfiguration;
			buildSettings = {
				BUNDLE_LOADER = "$(TEST_HOST)";
				CODE_SIGN_STYLE = Automatic;
				CURRENT_PROJECT_VERSION = 1;
				DEVELOPMENT_TEAM = SWY2GKPU2G;
				GENERATE_INFOPLIST_FILE = YES;
				IPHONEOS_DEPLOYMENT_TARGET = 26.5;
				MARKETING_VERSION = 1.0;
				PRODUCT_BUNDLE_IDENTIFIER = arviejhay.SimplyJobTrackerTests;
				PRODUCT_NAME = "$(TARGET_NAME)";
				STRING_CATALOG_GENERATE_SYMBOLS = NO;
				SWIFT_APPROACHABLE_CONCURRENCY = YES;
				SWIFT_EMIT_LOC_STRINGS = NO;
				SWIFT_UPCOMING_FEATURE_MEMBER_IMPORT_VISIBILITY = YES;
				SWIFT_VERSION = 6.0;
				TARGETED_DEVICE_FAMILY = "1,2";
				TEST_HOST = "$(BUILT_PRODUCTS_DIR)/SimplyJobTracker.app/$(BUNDLE_EXECUTABLE_FOLDER_PATH)/SimplyJobTracker";
			};
			name = Debug;
		};
		CCA8CC49301DDA3C00C83316 /* Release */ = {
			isa = XCBuildConfiguration;
			buildSettings = {
				BUNDLE_LOADER = "$(TEST_HOST)";
				CODE_SIGN_STYLE = Automatic;
				CURRENT_PROJECT_VERSION = 1;
				DEVELOPMENT_TEAM = SWY2GKPU2G;
				GENERATE_INFOPLIST_FILE = YES;
				IPHONEOS_DEPLOYMENT_TARGET = 26.5;
				MARKETING_VERSION = 1.0;
				PRODUCT_BUNDLE_IDENTIFIER = arviejhay.SimplyJobTrackerTests;
				PRODUCT_NAME = "$(TARGET_NAME)";
				STRING_CATALOG_GENERATE_SYMBOLS = NO;
				SWIFT_APPROACHABLE_CONCURRENCY = YES;
				SWIFT_EMIT_LOC_STRINGS = NO;
				SWIFT_UPCOMING_FEATURE_MEMBER_IMPORT_VISIBILITY = YES;
				SWIFT_VERSION = 6.0;
				TARGETED_DEVICE_FAMILY = "1,2";
				TEST_HOST = "$(BUILT_PRODUCTS_DIR)/SimplyJobTracker.app/$(BUNDLE_EXECUTABLE_FOLDER_PATH)/SimplyJobTracker";
			};
			name = Release;
		};
		CCA8CC4B301DDA3C00C83316 /* Debug */ = {
			isa = XCBuildConfiguration;
			buildSettings = {
				CODE_SIGN_STYLE = Automatic;
				CURRENT_PROJECT_VERSION = 1;
				DEVELOPMENT_TEAM = SWY2GKPU2G;
				GENERATE_INFOPLIST_FILE = YES;
				MARKETING_VERSION = 1.0;
				PRODUCT_BUNDLE_IDENTIFIER = arviejhay.SimplyJobTrackerUITests;
				PRODUCT_NAME = "$(TARGET_NAME)";
				STRING_CATALOG_GENERATE_SYMBOLS = NO;
				SWIFT_APPROACHABLE_CONCURRENCY = YES;
				SWIFT_EMIT_LOC_STRINGS = NO;
				SWIFT_UPCOMING_FEATURE_MEMBER_IMPORT_VISIBILITY = YES;
				SWIFT_VERSION = 6.0;
				TARGETED_DEVICE_FAMILY = "1,2";
				TEST_TARGET_NAME = SimplyJobTracker;
			};
			name = Debug;
		};
		CCA8CC4C301DDA3C00C83316 /* Release */ = {
			isa = XCBuildConfiguration;
			buildSettings = {
				CODE_SIGN_STYLE = Automatic;
				CURRENT_PROJECT_VERSION = 1;
				DEVELOPMENT_TEAM = SWY2GKPU2G;
				GENERATE_INFOPLIST_FILE = YES;
				MARKETING_VERSION = 1.0;
				PRODUCT_BUNDLE_IDENTIFIER = arviejhay.SimplyJobTrackerUITests;
				PRODUCT_NAME = "$(TARGET_NAME)";
				STRING_CATALOG_GENERATE_SYMBOLS = NO;
				SWIFT_APPROACHABLE_CONCURRENCY = YES;
				SWIFT_EMIT_LOC_STRINGS = NO;
				SWIFT_UPCOMING_FEATURE_MEMBER_IMPORT_VISIBILITY = YES;
				SWIFT_VERSION = 6.0;
				TARGETED_DEVICE_FAMILY = "1,2";
				TEST_TARGET_NAME = SimplyJobTracker;
			};
			name = Release;
		};
/* End XCBuildConfiguration section */

/* Begin XCConfigurationList section */
		CCA8CC1C301DDA3B00C83316 /* Build configuration list for PBXProject "SimplyJobTracker" */ = {
			isa = XCConfigurationList;
			buildConfigurations = (
				CCA8CC42301DDA3C00C83316 /* Debug */,
				CCA8CC43301DDA3C00C83316 /* Release */,
			);
			defaultConfigurationIsVisible = 0;
			defaultConfigurationName = Release;
		};
		CCA8CC44301DDA3C00C83316 /* Build configuration list for PBXNativeTarget "SimplyJobTracker" */ = {
			isa = XCConfigurationList;
			buildConfigurations = (
				CCA8CC45301DDA3C00C83316 /* Debug */,
				CCA8CC46301DDA3C00C83316 /* Release */,
			);
			defaultConfigurationIsVisible = 0;
			defaultConfigurationName = Release;
		};
		CCA8CC47301DDA3C00C83316 /* Build configuration list for PBXNativeTarget "SimplyJobTrackerTests" */ = {
			isa = XCConfigurationList;
			buildConfigurations = (
				CCA8CC48301DDA3C00C83316 /* Debug */,
				CCA8CC49301DDA3C00C83316 /* Release */,
			);
			defaultConfigurationIsVisible = 0;
			defaultConfigurationName = Release;
		};
		CCA8CC4A301DDA3C00C83316 /* Build configuration list for PBXNativeTarget "SimplyJobTrackerUITests" */ = {
			isa = XCConfigurationList;
			buildConfigurations = (
				CCA8CC4B301DDA3C00C83316 /* Debug */,
				CCA8CC4C301DDA3C00C83316 /* Release */,
			);
			defaultConfigurationIsVisible = 0;
			defaultConfigurationName = Release;
		};
/* End XCConfigurationList section */

/* Begin XCRemoteSwiftPackageReference section */
		CC0A0C2F3052EB350039795D /* XCRemoteSwiftPackageReference "purchases-ios-spm" */ = {
			isa = XCRemoteSwiftPackageReference;
			repositoryURL = "https://github.com/RevenueCat/purchases-ios-spm.git";
			requirement = {
				kind = upToNextMajorVersion;
				minimumVersion = 5.89.0;
			};
		};
/* End XCRemoteSwiftPackageReference section */

/* Begin XCSwiftPackageProductDependency section */
		CC0A0C303052EB350039795D /* RevenueCat */ = {
			isa = XCSwiftPackageProductDependency;
			package = CC0A0C2F3052EB350039795D /* XCRemoteSwiftPackageReference "purchases-ios-spm" */;
			productName = RevenueCat;
		};
/* End XCSwiftPackageProductDependency section */
	};
	rootObject = CCA8CC19301DDA3B00C83316 /* Project object */;
}
